{"version":4,"terraform_version":"1.10.6","serial":17,"lineage":"4b334bc9-fa59-b0c9-d9d8-2e24d4743833","outputs":{},"resources":[{"mode":"managed","type":"aws_rds_cluster","name":"n7m","provider":"provider[\"registry.opentofu.org/hashicorp/aws\"]","instances":[{"schema_version":1,"attributes":{"allocated_storage":1,"allow_major_version_upgrade":null,"apply_immediately":null,"arn":"arn:aws:rds:eu-west-1:191048514659:cluster:n7m-cluster","availability_zones":["eu-west-1a","eu-west-1b","eu-west-1c"],"backtrack_window":0,"backup_retention_period":5,"ca_certificate_identifier":null,"ca_certificate_valid_till":null,"cluster_identifier":"n7m-cluster","cluster_identifier_prefix":"","cluster_members":[],"cluster_resource_id":"cluster-K5JRTYMMZLMUZFWOAVMYL66JI4","cluster_scalability_type":"","copy_tags_to_snapshot":false,"database_insights_mode":"standard","database_name":"n7m","db_cluster_instance_class":"","db_cluster_parameter_group_name":"default.aurora-postgresql17","db_instance_parameter_group_name":null,"db_subnet_group_name":"default","db_system_id":"","delete_automated_backups":true,"deletion_protection":false,"domain":"","domain_iam_role_name":"","enable_global_write_forwarding":false,"enable_http_endpoint":false,"enable_local_write_forwarding":false,"enabled_cloudwatch_logs_exports":null,"endpoint":"n7m-cluster.cluster-cbg0kyg8ac1a.eu-west-1.rds.amazonaws.com","engine":"aurora-postgresql","engine_lifecycle_support":"open-source-rds-extended-support","engine_mode":"provisioned","engine_version":"17.4","engine_version_actual":"17.4","final_snapshot_identifier":null,"global_cluster_identifier":"","hosted_zone_id":"Z29XKXDKYMONMX","iam_database_authentication_enabled":false,"iam_roles":[],"id":"n7m-cluster","iops":0,"kms_key_id":"","manage_master_user_password":true,"master_password":null,"master_password_wo":null,"master_password_wo_version":null,"master_user_secret":[{"kms_key_id":"arn:aws:kms:eu-west-1:191048514659:key/09e63f54-e0ac-4805-badc-f2034887f199","secret_arn":"arn:aws:secretsmanager:eu-west-1:191048514659:secret:rds!cluster-adb9ed4d-c7d0-479f-b3ae-7393c4ffc4d2-eRH4rQ","secret_status":"active"}],"master_user_secret_kms_key_id":null,"master_username":"postgres","monitoring_interval":0,"monitoring_role_arn":"","network_type":"IPV4","performance_insights_enabled":false,"performance_insights_kms_key_id":"","performance_insights_retention_period":0,"port":5432,"preferred_backup_window":"05:00-07:00","preferred_maintenance_window":"wed:23:41-thu:00:11","reader_endpoint":"n7m-cluster.cluster-ro-cbg0kyg8ac1a.eu-west-1.rds.amazonaws.com","region":"eu-west-1","replication_source_identifier":"","restore_to_point_in_time":[],"s3_import":[],"scaling_configuration":[],"serverlessv2_scaling_configuration":[],"skip_final_snapshot":true,"snapshot_identifier":null,"source_region":null,"storage_encrypted":false,"storage_type":"","tags":null,"tags_all":{},"timeouts":null,"vpc_security_group_ids":["sg-ae1692f5"]},"sensitive_attributes":[[{"type":"get_attr","value":"master_password_wo"}],[{"type":"get_attr","value":"master_password"}]],"private":"eyJlMmJmYjczMC1lY2FhLTExZTYtOGY4OC0zNDM2M2JjN2M0YzAiOnsiY3JlYXRlIjo3MjAwMDAwMDAwMDAwLCJkZWxldGUiOjcyMDAwMDAwMDAwMDAsInVwZGF0ZSI6NzIwMDAwMDAwMDAwMH0sInNjaGVtYV92ZXJzaW9uIjoiMSJ9"}]},{"mode":"managed","type":"aws_rds_cluster_instance","name":"n7m_instances","provider":"provider[\"registry.opentofu.org/hashicorp/aws\"]","instances":[{"index_key":0,"schema_version":0,"attributes":{"apply_immediately":null,"arn":"arn:aws:rds:eu-west-1:191048514659:db:n7m-instance-1","auto_minor_version_upgrade":true,"availability_zone":"eu-west-1b","ca_cert_identifier":"rds-ca-rsa2048-g1","cluster_identifier":"n7m-cluster","copy_tags_to_snapshot":false,"custom_iam_instance_profile":"","db_parameter_group_name":"default.aurora-postgresql17","db_subnet_group_name":"default","dbi_resource_id":"db-ZUJMFQ6T73HVFEEYOPDL2XHVI4","endpoint":"n7m-instance-1.cbg0kyg8ac1a.eu-west-1.rds.amazonaws.com","engine":"aurora-postgresql","engine_version":"17.4","engine_version_actual":"17.4","force_destroy":false,"id":"n7m-instance-1","identifier":"n7m-instance-1","identifier_prefix":"","instance_class":"db.t4g.medium","kms_key_id":"","monitoring_interval":0,"monitoring_role_arn":"","network_type":"IPV4","performance_insights_enabled":false,"performance_insights_kms_key_id":"","performance_insights_retention_period":0,"port":5432,"preferred_backup_window":"05:00-07:00","preferred_maintenance_window":"tue:05:03-tue:05:33","promotion_tier":0,"publicly_accessible":true,"region":"eu-west-1","storage_encrypted":false,"tags":null,"tags_all":{},"timeouts":null,"writer":true},"sensitive_attributes":[],"private":"eyJlMmJmYjczMC1lY2FhLTExZTYtOGY4OC0zNDM2M2JjN2M0YzAiOnsiY3JlYXRlIjo1NDAwMDAwMDAwMDAwLCJkZWxldGUiOjU0MDAwMDAwMDAwMDAsInVwZGF0ZSI6NTQwMDAwMDAwMDAwMH19","dependencies":["aws_rds_cluster.n7m"]}]}],"check_results":null}
